// !$*UTF8*$!
{
	archiveVersion = 1;
	classes = {
	};
	objectVersion = 48;
	objects = {

/* Begin PBXBuildFile section */
		5C2E43FA201E61460035D3E4 /* AppDelegate.swift in Sources */ = {isa = PBXBuildFile; fileRef = 5C2E43F9201E61460035D3E4 /* AppDelegate.swift */; };
		5C2E43FF201E61460035D3E4 /* Main.storyboard in Resources */ = {isa = PBXBuildFile; fileRef = 5C2E43FD201E61460035D3E4 /* Main.storyboard */; };
		5C2E4401201E61460035D3E4 /* Assets.xcassets in Resources */ = {isa = PBXBuildFile; fileRef = 5C2E4400201E61460035D3E4 /* Assets.xcassets */; };
		5C2E440F201E61460035D3E4 /* FlickerTests.swift in Sources */ = {isa = PBXBuildFile; fileRef = 5C2E440E201E61460035D3E4 /* FlickerTests.swift */; };
		5C2E4428201E6A5B0035D3E4 /* NetworkController.swift in Sources */ = {isa = PBXBuildFile; fileRef = 5C2E4427201E6A5B0035D3E4 /* NetworkController.swift */; };
		5C2E442A201E6D5D0035D3E4 /* PhotoMetaDataController.swift in Sources */ = {isa = PBXBuildFile; fileRef = 5C2E4429201E6D5D0035D3E4 /* PhotoMetaDataController.swift */; };
		5C2E442C201E866B0035D3E4 /* CollectionViewController.swift in Sources */ = {isa = PBXBuildFile; fileRef = 5C2E442B201E866B0035D3E4 /* CollectionViewController.swift */; };
		5C3F30FD201E980C0060D963 /* PhotoMetaData.swift in Sources */ = {isa = PBXBuildFile; fileRef = 5C3F30FC201E980C0060D963 /* PhotoMetaData.swift */; };
		5C3F30FF201EACE60060D963 /* FlickrCollectionViewCell.swift in Sources */ = {isa = PBXBuildFile; fileRef = 5C3F30FE201EACE60060D963 /* FlickrCollectionViewCell.swift */; };
		5C3F3101201EAECA0060D963 /* ColumnFlowLayout.swift in Sources */ = {isa = PBXBuildFile; fileRef = 5C3F3100201EAEC90060D963 /* ColumnFlowLayout.swift */; };
		5C3F3103201EDA780060D963 /* FlickrDetailTableViewController.swift in Sources */ = {isa = PBXBuildFile; fileRef = 5C3F3102201EDA780060D963 /* FlickrDetailTableViewController.swift */; };
		5C3F3105201EDCDE0060D963 /* FlickrImageTableViewCell.swift in Sources */ = {isa = PBXBuildFile; fileRef = 5C3F3104201EDCDE0060D963 /* FlickrImageTableViewCell.swift */; };
		5CDD26AC20204EA8009B8361 /* TestJson.json in Resources */ = {isa = PBXBuildFile; fileRef = 5CDD26AB20204EA8009B8361 /* TestJson.json */; };
/* End PBXBuildFile section */

/* Begin PBXContainerItemProxy section */
		5C2E440B201E61460035D3E4 /* PBXContainerItemProxy */ = {
			isa = PBXContainerItemProxy;
			containerPortal = 5C2E43EE201E61460035D3E4 /* Project object */;
			proxyType = 1;
			remoteGlobalIDString = 5C2E43F5201E61460035D3E4;
			remoteInfo = Flicker;
		};
		5C2E4416201E61460035D3E4 /* PBXContainerItemProxy */ = {
			isa = PBXContainerItemProxy;
			containerPortal = 5C2E43EE201E61460035D3E4 /* Project object */;
			proxyType = 1;
			remoteGlobalIDString = 5C2E43F5201E61460035D3E4;
			remoteInfo = Flicker;
		};
/* End PBXContainerItemProxy section */

/* Begin PBXFileReference section */
		5C2E43F6201E61460035D3E4 /* Flicker.app */ = {isa = PBXFileReference; explicitFileType = wrapper.application; includeInIndex = 0; path = Flicker.app; sourceTree = BUILT_PRODUCTS_DIR; };
		5C2E43F9201E61460035D3E4 /* AppDelegate.swift */ = {isa = PBXFileReference; lastKnownFileType = sourcecode.swift; path = AppDelegate.swift; sourceTree = "<group>"; };
		5C2E43FE201E61460035D3E4 /* Base */ = {isa = PBXFileReference; lastKnownFileType = file.storyboard; name = Base; path = Base.lproj/Main.storyboard; sourceTree = "<group>"; };
		5C2E4400201E61460035D3E4 /* Assets.xcassets */ = {isa = PBXFileReference; lastKnownFileType = folder.assetcatalog; path = Assets.xcassets; sourceTree = "<group>"; };
		5C2E4405201E61460035D3E4 /* Info.plist */ = {isa = PBXFileReference; lastKnownFileType = text.plist.xml; path = Info.plist; sourceTree = "<group>"; };
		5C2E440A201E61460035D3E4 /* FlickerTests.xctest */ = {isa = PBXFileReference; explicitFileType = wrapper.cfbundle; includeInIndex = 0; path = FlickerTests.xctest; sourceTree = BUILT_PRODUCTS_DIR; };
		5C2E440E201E61460035D3E4 /* FlickerTests.swift */ = {isa = PBXFileReference; lastKnownFileType = sourcecode.swift; path = FlickerTests.swift; sourceTree = "<group>"; };
		5C2E4410201E61460035D3E4 /* Info.plist */ = {isa = PBXFileReference; lastKnownFileType = text.plist.xml; path = Info.plist; sourceTree = "<group>"; };
		5C2E4415201E61460035D3E4 /* FlickerUITests.xctest */ = {isa = PBXFileReference; explicitFileType = wrapper.cfbundle; includeInIndex = 0; path = FlickerUITests.xctest; sourceTree = BUILT_PRODUCTS_DIR; };
		5C2E4427201E6A5B0035D3E4 /* NetworkController.swift */ = {isa = PBXFileReference; lastKnownFileType = sourcecode.swift; path = NetworkController.swift; sourceTree = "<group>"; };
		5C2E4429201E6D5D0035D3E4 /* PhotoMetaDataController.swift */ = {isa = PBXFileReference; lastKnownFileType = sourcecode.swift; path = PhotoMetaDataController.swift; sourceTree = "<group>"; };
		5C2E442B201E866B0035D3E4 /* CollectionViewController.swift */ = {isa = PBXFileReference; lastKnownFileType = sourcecode.swift; path = CollectionViewController.swift; sourceTree = "<group>"; };
		5C3F30FC201E980C0060D963 /* PhotoMetaData.swift */ = {isa = PBXFileReference; lastKnownFileType = sourcecode.swift; path = PhotoMetaData.swift; sourceTree = "<group>"; };
		5C3F30FE201EACE60060D963 /* FlickrCollectionViewCell.swift */ = {isa = PBXFileReference; lastKnownFileType = sourcecode.swift; path = FlickrCollectionViewCell.swift; sourceTree = "<group>"; };
		5C3F3100201EAEC90060D963 /* ColumnFlowLayout.swift */ = {isa = PBXFileReference; lastKnownFileType = sourcecode.swift; path = ColumnFlowLayout.swift; sourceTree = "<group>"; };
		5C3F3102201EDA780060D963 /* FlickrDetailTableViewController.swift */ = {isa = PBXFileReference; lastKnownFileType = sourcecode.swift; path = FlickrDetailTableViewController.swift; sourceTree = "<group>"; };
		5C3F3104201EDCDE0060D963 /* FlickrImageTableViewCell.swift */ = {isa = PBXFileReference; lastKnownFileType = sourcecode.swift; path = FlickrImageTableViewCell.swift; sourceTree = "<group>"; };
		5CDD26AB20204EA8009B8361 /* TestJson.json */ = {isa = PBXFileReference; lastKnownFileType = text.json; path = TestJson.json; sourceTree = "<group>"; };
/* End PBXFileReference section */

/* Begin PBXFrameworksBuildPhase section */
		5C2E43F3201E61460035D3E4 /* Frameworks */ = {
			isa = PBXFrameworksBuildPhase;
			buildActionMask = 2147483647;
			files = (
			);
			runOnlyForDeploymentPostprocessing = 0;
		};
		5C2E4407201E61460035D3E4 /* Frameworks */ = {
			isa = PBXFrameworksBuildPhase;
			buildActionMask = 2147483647;
			files = (
			);
			runOnlyForDeploymentPostprocessing = 0;
		};
		5C2E4412201E61460035D3E4 /* Frameworks */ = {
			isa = PBXFrameworksBuildPhase;
			buildActionMask = 2147483647;
			files = (
			);
			runOnlyForDeploymentPostprocessing = 0;
		};
/* End PBXFrameworksBuildPhase section */

/* Begin PBXGroup section */
		5C2E43ED201E61460035D3E4 = {
			isa = PBXGroup;
			children = (
				5C2E43F8201E61460035D3E4 /* Flicker */,
				5C2E440D201E61460035D3E4 /* FlickerTests */,
				5C2E43F7201E61460035D3E4 /* Products */,
			);
			sourceTree = "<group>";
		};
		5C2E43F7201E61460035D3E4 /* Products */ = {
			isa = PBXGroup;
			children = (
				5C2E43F6201E61460035D3E4 /* Flicker.app */,
				5C2E440A201E61460035D3E4 /* FlickerTests.xctest */,
				5C2E4415201E61460035D3E4 /* FlickerUITests.xctest */,
			);
			name = Products;
			sourceTree = "<group>";
		};
		5C2E43F8201E61460035D3E4 /* Flicker */ = {
			isa = PBXGroup;
			children = (
				5CDD26AA20204E34009B8361 /* Helpers */,
				5C2E4430201E87520035D3E4 /* Controllers */,
				5C2E442D201E87010035D3E4 /* Model */,
				5C2E442E201E870C0035D3E4 /* ModelController */,
				5C2E442F201E87180035D3E4 /* View */,
				5C2E4400201E61460035D3E4 /* Assets.xcassets */,
				5C2E43F9201E61460035D3E4 /* AppDelegate.swift */,
				5C2E4405201E61460035D3E4 /* Info.plist */,
				5CDD26AB20204EA8009B8361 /* TestJson.json */,
			);
			path = Flicker;
			sourceTree = "<group>";
		};
		5C2E440D201E61460035D3E4 /* FlickerTests */ = {
			isa = PBXGroup;
			children = (
				5C2E440E201E61460035D3E4 /* FlickerTests.swift */,
				5C2E4410201E61460035D3E4 /* Info.plist */,
			);
			path = FlickerTests;
			sourceTree = "<group>";
		};
		5C2E442D201E87010035D3E4 /* Model */ = {
			isa = PBXGroup;
			children = (
				5C3F30FC201E980C0060D963 /* PhotoMetaData.swift */,
			);
			path = Model;
			sourceTree = "<group>";
		};
		5C2E442E201E870C0035D3E4 /* ModelController */ = {
			isa = PBXGroup;
			children = (
				5C2E4429201E6D5D0035D3E4 /* PhotoMetaDataController.swift */,
			);
			path = ModelController;
			sourceTree = "<group>";
		};
		5C2E442F201E87180035D3E4 /* View */ = {
			isa = PBXGroup;
			children = (
				5C2E43FD201E61460035D3E4 /* Main.storyboard */,
				5C2E442B201E866B0035D3E4 /* CollectionViewController.swift */,
				5C3F30FE201EACE60060D963 /* FlickrCollectionViewCell.swift */,
				5C3F3102201EDA780060D963 /* FlickrDetailTableViewController.swift */,
				5C3F3104201EDCDE0060D963 /* FlickrImageTableViewCell.swift */,
			);
			path = View;
			sourceTree = "<group>";
		};
		5C2E4430201E87520035D3E4 /* Controllers */ = {
			isa = PBXGroup;
			children = (
				5C2E4427201E6A5B0035D3E4 /* NetworkController.swift */,
			);
			path = Controllers;
			sourceTree = "<group>";
		};
		5CDD26AA20204E34009B8361 /* Helpers */ = {
			isa = PBXGroup;
			children = (
				5C3F3100201EAEC90060D963 /* ColumnFlowLayout.swift */,
			);
			path = Helpers;
			sourceTree = "<group>";
		};
/* End PBXGroup section */

/* Begin PBXNativeTarget section */
		5C2E43F5201E61460035D3E4 /* Flicker */ = {
			isa = PBXNativeTarget;
			buildConfigurationList = 5C2E441E201E61460035D3E4 /* Build configuration list for PBXNativeTarget "Flicker" */;
			buildPhases = (
				5C2E43F2201E61460035D3E4 /* Sources */,
				5C2E43F3201E61460035D3E4 /* Frameworks */,
				5C2E43F4201E61460035D3E4 /* Resources */,
			);
			buildRules = (
			);
			dependencies = (
			);
			name = Flicker;
			productName = Flicker;
			productReference = 5C2E43F6201E61460035D3E4 /* Flicker.app */;
			productType = "com.apple.product-type.application";
		};
		5C2E4409201E61460035D3E4 /* FlickerTests */ = {
			isa = PBXNativeTarget;
			buildConfigurationList = 5C2E4421201E61460035D3E4 /* Build configuration list for PBXNativeTarget "FlickerTests" */;
			buildPhases = (
				5C2E4406201E61460035D3E4 /* Sources */,
				5C2E4407201E61460035D3E4 /* Frameworks */,
				5C2E4408201E61460035D3E4 /* Resources */,
			);
			buildRules = (
			);
			dependencies = (
				5C2E440C201E61460035D3E4 /* PBXTargetDependency */,
			);
			name = FlickerTests;
			productName = FlickerTests;
			productReference = 5C2E440A201E61460035D3E4 /* FlickerTests.xctest */;
			productType = "com.apple.product-type.bundle.unit-test";
		};
		5C2E4414201E61460035D3E4 /* FlickerUITests */ = {
			isa = PBXNativeTarget;
			buildConfigurationList = 5C2E4424201E61460035D3E4 /* Build configuration list for PBXNativeTarget "FlickerUITests" */;
			buildPhases = (
				5C2E4411201E61460035D3E4 /* Sources */,
				5C2E4412201E61460035D3E4 /* Frameworks */,
				5C2E4413201E61460035D3E4 /* Resources */,
			);
			buildRules = (
			);
			dependencies = (
				5C2E4417201E61460035D3E4 /* PBXTargetDependency */,
			);
			name = FlickerUITests;
			productName = FlickerUITests;
			productReference = 5C2E4415201E61460035D3E4 /* FlickerUITests.xctest */;
			productType = "com.apple.product-type.bundle.ui-testing";
		};
/* End PBXNativeTarget section */

/* Begin PBXProject section */
		5C2E43EE201E61460035D3E4 /* Project object */ = {
			isa = PBXProject;
			attributes = {
				LastSwiftUpdateCheck = 0920;
				LastUpgradeCheck = 0920;
				ORGANIZATIONNAME = "Jeremiah Hawks";
				TargetAttributes = {
					5C2E43F5201E61460035D3E4 = {
						CreatedOnToolsVersion = 9.2;
						ProvisioningStyle = Automatic;
					};
					5C2E4409201E61460035D3E4 = {
						CreatedOnToolsVersion = 9.2;
						ProvisioningStyle = Automatic;
						TestTargetID = 5C2E43F5201E61460035D3E4;
					};
					5C2E4414201E61460035D3E4 = {
						CreatedOnToolsVersion = 9.2;
						ProvisioningStyle = Automatic;
						TestTargetID = 5C2E43F5201E61460035D3E4;
					};
				};
			};
			buildConfigurationList = 5C2E43F1201E61460035D3E4 /* Build configuration list for PBXProject "Flicker" */;
			compatibilityVersion = "Xcode 8.0";
			developmentRegion = en;
			hasScannedForEncodings = 0;
			knownRegions = (
				en,
				Base,
			);
			mainGroup = 5C2E43ED201E61460035D3E4;
			productRefGroup = 5C2E43F7201E61460035D3E4 /* Products */;
			projectDirPath = "";
			projectRoot = "";
			targets = (
				5C2E43F5201E61460035D3E4 /* Flicker */,
				5C2E4409201E61460035D3E4 /* FlickerTests */,
				5C2E4414201E61460035D3E4 /* FlickerUITests */,
			);
		};
/* End PBXProject section */

/* Begin PBXResourcesBuildPhase section */
		5C2E43F4201E61460035D3E4 /* Resources */ = {
			isa = PBXResourcesBuildPhase;
			buildActionMask = 2147483647;
			files = (
				5C2E4401201E61460035D3E4 /* Assets.xcassets in Resources */,
				5C2E43FF201E61460035D3E4 /* Main.storyboard in Resources */,
				5CDD26AC20204EA8009B8361 /* TestJson.json in Resources */,
			);
			runOnlyForDeploymentPostprocessing = 0;
		};
		5C2E4408201E61460035D3E4 /* Resources */ = {
			isa = PBXResourcesBuildPhase;
			buildActionMask = 2147483647;
			files = (
			);
			runOnlyForDeploymentPostprocessing = 0;
		};
		5C2E4413201E61460035D3E4 /* Resources */ = {
			isa = PBXResourcesBuildPhase;
			buildActionMask = 2147483647;
			files = (
			);
			runOnlyForDeploymentPostprocessing = 0;
		};
/* End PBXResourcesBuildPhase section */

/* Begin PBXSourcesBuildPhase section */
		5C2E43F2201E61460035D3E4 /* Sources */ = {
			isa = PBXSourcesBuildPhase;
			buildActionMask = 2147483647;
			files = (
				5C3F3105201EDCDE0060D963 /* FlickrImageTableViewCell.swift in Sources */,
				5C3F3103201EDA780060D963 /* FlickrDetailTableViewController.swift in Sources */,
				5C3F30FF201EACE60060D963 /* FlickrCollectionViewCell.swift in Sources */,
				5C2E43FA201E61460035D3E4 /* AppDelegate.swift in Sources */,
				5C2E442A201E6D5D0035D3E4 /* PhotoMetaDataController.swift in Sources */,
				5C2E4428201E6A5B0035D3E4 /* NetworkController.swift in Sources */,
				5C3F3101201EAECA0060D963 /* ColumnFlowLayout.swift in Sources */,
				5C2E442C201E866B0035D3E4 /* CollectionViewController.swift in Sources */,
				5C3F30FD201E980C0060D963 /* PhotoMetaData.swift in Sources */,
			);
			runOnlyForDeploymentPostprocessing = 0;
		};
		5C2E4406201E61460035D3E4 /* Sources */ = {
			isa = PBXSourcesBuildPhase;
			buildActionMask = 2147483647;
			files = (
				5C2E440F201E61460035D3E4 /* FlickerTests.swift in Sources */,
			);
			runOnlyForDeploymentPostprocessing = 0;
		};
		5C2E4411201E61460035D3E4 /* Sources */ = {
			isa = PBXSourcesBuildPhase;
			buildActionMask = 2147483647;
			files = (
			);
			runOnlyForDeploymentPostprocessing = 0;
		};
/* End PBXSourcesBuildPhase section */

/* Begin PBXTargetDependency section */
		5C2E440C201E61460035D3E4 /* PBXTargetDependency */ = {
			isa = PBXTargetDependency;
			target = 5C2E43F5201E61460035D3E4 /* Flicker */;
			targetProxy = 5C2E440B201E61460035D3E4 /* PBXContainerItemProxy */;
		};
		5C2E4417201E61460035D3E4 /* PBXTargetDependency */ = {
			isa = PBXTargetDependency;
			target = 5C2E43F5201E61460035D3E4 /* Flicker */;
			targetProxy = 5C2E4416201E61460035D3E4 /* PBXContainerItemProxy */;
		};
/* End PBXTargetDependency section */

/* Begin PBXVariantGroup section */
		5C2E43FD201E61460035D3E4 /* Main.storyboard */ = {
			isa = PBXVariantGroup;
			children = (
				5C2E43FE201E61460035D3E4 /* Base */,
			);
			name = Main.storyboard;
			sourceTree = "<group>";
		};
/* End PBXVariantGroup section */

/* Begin XCBuildConfiguration section */
		5C2E441C201E61460035D3E4 /* Debug */ = {
			isa = XCBuildConfiguration;
			buildSettings = {
				ALWAYS_SEARCH_USER_PATHS = NO;
				CLANG_ANALYZER_NONNULL = YES;
				CLANG_ANALYZER_NUMBER_OBJECT_CONVERSION = YES_AGGRESSIVE;
				CLANG_CXX_LANGUAGE_STANDARD = "gnu++14";
				CLANG_CXX_LIBRARY = "libc++";
				CLANG_ENABLE_MODULES = YES;
				CLANG_ENABLE_OBJC_ARC = YES;
				CLANG_WARN_BLOCK_CAPTURE_AUTORELEASING = YES;
				CLANG_WARN_BOOL_CONVERSION = YES;
				CLANG_WARN_COMMA = YES;
				CLANG_WARN_CONSTANT_CONVERSION = YES;
				CLANG_WARN_DIRECT_OBJC_ISA_USAGE = YES_ERROR;
				CLANG_WARN_DOCUMENTATION_COMMENTS = YES;
				CLANG_WARN_EMPTY_BODY = YES;
				CLANG_WARN_ENUM_CONVERSION = YES;
				CLANG_WARN_INFINITE_RECURSION = YES;
				CLANG_WARN_INT_CONVERSION = YES;
				CLANG_WARN_NON_LITERAL_NULL_CONVERSION = YES;
				CLANG_WARN_OBJC_LITERAL_CONVERSION = YES;
				CLANG_WARN_OBJC_ROOT_CLASS = YES_ERROR;
				CLANG_WARN_RANGE_LOOP_ANALYSIS = YES;
				CLANG_WARN_STRICT_PROTOTYPES = YES;
				CLANG_WARN_SUSPICIOUS_MOVE = YES;
				CLANG_WARN_UNGUARDED_AVAILABILITY = YES_AGGRESSIVE;
				CLANG_WARN_UNREACHABLE_CODE = YES;
				CLANG_WARN__DUPLICATE_METHOD_MATCH = YES;
				CODE_SIGN_IDENTITY = "iPhone Developer";
				COPY_PHASE_STRIP = NO;
				DEBUG_INFORMATION_FORMAT = dwarf;
				ENABLE_STRICT_OBJC_MSGSEND = YES;
				ENABLE_TESTABILITY = YES;
				GCC_C_LANGUAGE_STANDARD = gnu11;
				GCC_DYNAMIC_NO_PIC = NO;
				GCC_NO_COMMON_BLOCKS = YES;
				GCC_OPTIMIZATION_LEVEL = 0;
				GCC_PREPROCESSOR_DEFINITIONS = (
					"DEBUG=1",
					"$(inherited)",
				);
				GCC_WARN_64_TO_32_BIT_CONVERSION = YES;
				GCC_WARN_ABOUT_RETURN_TYPE = YES_ERROR;
				GCC_WARN_UNDECLARED_SELECTOR = YES;
				GCC_WARN_UNINITIALIZED_AUTOS = YES_AGGRESSIVE;
				GCC_WARN_UNUSED_FUNCTION = YES;
				GCC_WARN_UNUSED_VARIABLE = YES;
				IPHONEOS_DEPLOYMENT_TARGET = 11.2;
				MTL_ENABLE_DEBUG_INFO = YES;
				ONLY_ACTIVE_ARCH = YES;
				SDKROOT = iphoneos;
				SWIFT_ACTIVE_COMPILATION_CONDITIONS = DEBUG;
				SWIFT_OPTIMIZATION_LEVEL = "-Onone";
			};
			name = Debug;
		};
		5C2E441D201E61460035D3E4 /* Release */ = {
			isa = XCBuildConfiguration;
			buildSettings = {
				ALWAYS_SEARCH_USER_PATHS = NO;
				CLANG_ANALYZER_NONNULL = YES;
				CLANG_ANALYZER_NUMBER_OBJECT_CONVERSION = YES_AGGRESSIVE;
				CLANG_CXX_LANGUAGE_STANDARD = "gnu++14";
				CLANG_CXX_LIBRARY = "libc++";
				CLANG_ENABLE_MODULES = YES;
				CLANG_ENABLE_OBJC_ARC = YES;
				CLANG_WARN_BLOCK_CAPTURE_AUTORELEASING = YES;
				CLANG_WARN_BOOL_CONVERSION = YES;
				CLANG_WARN_COMMA = YES;
				CLANG_WARN_CONSTANT_CONVERSION = YES;
				CLANG_WARN_DIRECT_OBJC_ISA_USAGE = YES_ERROR;
				CLANG_WARN_DOCUMENTATION_COMMENTS = YES;
				CLANG_WARN_EMPTY_BODY = YES;
				CLANG_WARN_ENUM_CONVERSION = YES;
				CLANG_WARN_INFINITE_RECURSION = YES;
				CLANG_WARN_INT_CONVERSION = YES;
				CLANG_WARN_NON_LITERAL_NULL_CONVERSION = YES;
				CLANG_WARN_OBJC_LITERAL_CONVERSION = YES;
				CLANG_WARN_OBJC_ROOT_CLASS = YES_ERROR;
				CLANG_WARN_RANGE_LOOP_ANALYSIS = YES;
				CLANG_WARN_STRICT_PROTOTYPES = YES;
				CLANG_WARN_SUSPICIOUS_MOVE = YES;
				CLANG_WARN_UNGUARDED_AVAILABILITY = YES_AGGRESSIVE;
				CLANG_WARN_UNREACHABLE_CODE = YES;
				CLANG_WARN__DUPLICATE_METHOD_MATCH = YES;
				CODE_SIGN_IDENTITY = "iPhone Developer";
				COPY_PHASE_STRIP = NO;
				DEBUG_INFORMATION_FORMAT = "dwarf-with-dsym";
				ENABLE_NS_ASSERTIONS = NO;
				ENABLE_STRICT_OBJC_MSGSEND = YES;
				GCC_C_LANGUAGE_STANDARD = gnu11;
				GCC_NO_COMMON_BLOCKS = YES;
				GCC_WARN_64_TO_32_BIT_CONVERSION = YES;
				GCC_WARN_ABOUT_RETURN_TYPE = YES_ERROR;
				GCC_WARN_UNDECLARED_SELECTOR = YES;
				GCC_WARN_UNINITIALIZED_AUTOS = YES_AGGRESSIVE;
				GCC_WARN_UNUSED_FUNCTION = YES;
				GCC_WARN_UNUSED_VARIABLE = YES;
				IPHONEOS_DEPLOYMENT_TARGET = 11.2;
				MTL_ENABLE_DEBUG_INFO = NO;
				SDKROOT = iphoneos;
				SWIFT_OPTIMIZATION_LEVEL = "-Owholemodule";
				VALIDATE_PRODUCT = YES;
			};
			name = Release;
		};
		5C2E441F201E61460035D3E4 /* Debug */ = {
			isa = XCBuildConfiguration;
			buildSettings = {
				ASSETCATALOG_COMPILER_APPICON_NAME = AppIcon;
				CODE_SIGN_STYLE = Automatic;
				DEVELOPMENT_TEAM = 33GW7EC95V;
				INFOPLIST_FILE = Flicker/Info.plist;
				LD_RUNPATH_SEARCH_PATHS = "$(inherited) @executable_path/Frameworks";
				PRODUCT_BUNDLE_IDENTIFIER = com.JeremiahHawks.Flicker;
				PRODUCT_NAME = "$(TARGET_NAME)";
				SWIFT_VERSION = 4.0;
				TARGETED_DEVICE_FAMILY = "1,2";
			};
			name = Debug;
		};
		5C2E4420201E61460035D3E4 /* Release */ = {
			isa = XCBuildConfiguration;
			buildSettings = {
				ASSETCATALOG_COMPILER_APPICON_NAME = AppIcon;
				CODE_SIGN_STYLE = Automatic;
				DEVELOPMENT_TEAM = 33GW7EC95V;
				INFOPLIST_FILE = Flicker/Info.plist;
				LD_RUNPATH_SEARCH_PATHS = "$(inherited) @executable_path/Frameworks";
				PRODUCT_BUNDLE_IDENTIFIER = com.JeremiahHawks.Flicker;
				PRODUCT_NAME = "$(TARGET_NAME)";
				SWIFT_VERSION = 4.0;
				TARGETED_DEVICE_FAMILY = "1,2";
			};
			name = Release;
		};
		5C2E4422201E61460035D3E4 /* Debug */ = {
			isa = XCBuildConfiguration;
			buildSettings = {
				ALWAYS_EMBED_SWIFT_STANDARD_LIBRARIES = YES;
				BUNDLE_LOADER = "$(TEST_HOST)";
				CODE_SIGN_STYLE = Automatic;
				DEVELOPMENT_TEAM = 33GW7EC95V;
				INFOPLIST_FILE = FlickerTests/Info.plist;
				LD_RUNPATH_SEARCH_PATHS = "$(inherited) @executable_path/Frameworks @loader_path/Frameworks";
				PRODUCT_BUNDLE_IDENTIFIER = com.JeremiahHawks.FlickerTests;
				PRODUCT_NAME = "$(TARGET_NAME)";
				SWIFT_VERSION = 4.0;
				TARGETED_DEVICE_FAMILY = "1,2";
				TEST_HOST = "$(BUILT_PRODUCTS_DIR)/Flicker.app/Flicker";
			};
			name = Debug;
		};
		5C2E4423201E61460035D3E4 /* Release */ = {
			isa = XCBuildConfiguration;
			buildSettings = {
				ALWAYS_EMBED_SWIFT_STANDARD_LIBRARIES = YES;
				BUNDLE_LOADER = "$(TEST_HOST)";
				CODE_SIGN_STYLE = Automatic;
				DEVELOPMENT_TEAM = 33GW7EC95V;
				INFOPLIST_FILE = FlickerTests/Info.plist;
				LD_RUNPATH_SEARCH_PATHS = "$(inherited) @executable_path/Frameworks @loader_path/Frameworks";
				PRODUCT_BUNDLE_IDENTIFIER = com.JeremiahHawks.FlickerTests;
				PRODUCT_NAME = "$(TARGET_NAME)";
				SWIFT_VERSION = 4.0;
				TARGETED_DEVICE_FAMILY = "1,2";
				TEST_HOST = "$(BUILT_PRODUCTS_DIR)/Flicker.app/Flicker";
			};
			name = Release;
		};
		5C2E4425201E61460035D3E4 /* Debug */ = {
			isa = XCBuildConfiguration;
			buildSettings = {
				ALWAYS_EMBED_SWIFT_STANDARD_LIBRARIES = YES;
				CODE_SIGN_STYLE = Automatic;
				DEVELOPMENT_TEAM = 33GW7EC95V;
				INFOPLIST_FILE = FlickerUITests/Info.plist;
				LD_RUNPATH_SEARCH_PATHS = "$(inherited) @executable_path/Frameworks @loader_path/Frameworks";
				PRODUCT_BUNDLE_IDENTIFIER = com.JeremiahHawks.FlickerUITests;
				PRODUCT_NAME = "$(TARGET_NAME)";
				SWIFT_VERSION = 4.0;
				TARGETED_DEVICE_FAMILY = "1,2";
				TEST_TARGET_NAME = Flicker;
			};
			name = Debug;
		};
		5C2E4426201E61460035D3E4 /* Release */ = {
			isa = XCBuildConfiguration;
			buildSettings = {
				ALWAYS_EMBED_SWIFT_STANDARD_LIBRARIES = YES;
				CODE_SIGN_STYLE = Automatic;
				DEVELOPMENT_TEAM = 33GW7EC95V;
				INFOPLIST_FILE = FlickerUITests/Info.plist;
				LD_RUNPATH_SEARCH_PATHS = "$(inherited) @executable_path/Frameworks @loader_path/Frameworks";
				PRODUCT_BUNDLE_IDENTIFIER = com.JeremiahHawks.FlickerUITests;
				PRODUCT_NAME = "$(TARGET_NAME)";
				SWIFT_VERSION = 4.0;
				TARGETED_DEVICE_FAMILY = "1,2";
				TEST_TARGET_NAME = Flicker;
			};
			name = Release;
		};
/* End XCBuildConfiguration section */

/* Begin XCConfigurationList section */
		5C2E43F1201E61460035D3E4 /* Build configuration list for PBXProject "Flicker" */ = {
			isa = XCConfigurationList;
			buildConfigurations = (
				5C2E441C201E61460035D3E4 /* Debug */,
				5C2E441D201E61460035D3E4 /* Release */,
			);
			defaultConfigurationIsVisible = 0;
			defaultConfigurationName = Release;
		};
		5C2E441E201E61460035D3E4 /* Build configuration list for PBXNativeTarget "Flicker" */ = {
			isa = XCConfigurationList;
			buildConfigurations = (
				5C2E441F201E61460035D3E4 /* Debug */,
				5C2E4420201E61460035D3E4 /* Release */,
			);
			defaultConfigurationIsVisible = 0;
			defaultConfigurationName = Release;
		};
		5C2E4421201E61460035D3E4 /* Build configuration list for PBXNativeTarget "FlickerTests" */ = {
			isa = XCConfigurationList;
			buildConfigurations = (
				5C2E4422201E61460035D3E4 /* Debug */,
				5C2E4423201E61460035D3E4 /* Release */,
			);
			defaultConfigurationIsVisible = 0;
			defaultConfigurationName = Release;
		};
		5C2E4424201E61460035D3E4 /* Build configuration list for PBXNativeTarget "FlickerUITests" */ = {
			isa = XCConfigurationList;
			buildConfigurations = (
				5C2E4425201E61460035D3E4 /* Debug */,
				5C2E4426201E61460035D3E4 /* Release */,
			);
			defaultConfigurationIsVisible = 0;
			defaultConfigurationName = Release;
		};
/* End XCConfigurationList section */
	};
	rootObject = 5C2E43EE201E61460035D3E4 /* Project object */;
}
